<Solution>
  <Folder Name="/Demo/">
    <Project Path="Demo/Ai.Tlbx.VoiceAssistant.Demo.Console/Ai.Tlbx.VoiceAssistant.Demo.Console.csproj" />
    <Project Path="Demo/Ai.Tlbx.VoiceAssistant.Demo.Linux/Ai.Tlbx.VoiceAssistant.Demo.Linux.csproj" />
    <Project Path="Demo/Ai.Tlbx.VoiceAssistant.Demo.Web/Ai.Tlbx.VoiceAssistant.Demo.Web.csproj" />
    <Project Path="Demo/Ai.Tlbx.VoiceAssistant.Demo.Windows/Ai.Tlbx.VoiceAssistant.Demo.Windows.csproj" />
  </Folder>
  <Folder Name="/Hardware/">
    <Project Path="Hardware/Ai.Tlbx.VoiceAssistant.Hardware.Linux/Ai.Tlbx.VoiceAssistant.Hardware.Linux.csproj" />
    <Project Path="Hardware/Ai.Tlbx.VoiceAssistant.Hardware.Web/Ai.Tlbx.VoiceAssistant.Hardware.Web.csproj" />
    <Project Path="Hardware/Ai.Tlbx.VoiceAssistant.Hardware.Windows/Ai.Tlbx.VoiceAssistant.Hardware.Windows.csproj" />
  </Folder>
  <Folder Name="/Provider/">
    <Project Path="Provider/Ai.Tlbx.VoiceAssistant.Provider.Google/Ai.Tlbx.VoiceAssistant.Provider.Google.csproj" />
    <Project Path="Provider/Ai.Tlbx.VoiceAssistant.Provider.OpenAi.AspNetCore/Ai.Tlbx.VoiceAssistant.Provider.OpenAi.AspNetCore.csproj" />
    <Project Path="Provider/Ai.Tlbx.VoiceAssistant.Provider.OpenAi/Ai.Tlbx.VoiceAssistant.Provider.OpenAi.csproj" />
    <Project Path="Provider/Ai.Tlbx.VoiceAssistant.Provider.XAi/Ai.Tlbx.VoiceAssistant.Provider.XAi.csproj" />
    <Project Path="Provider/Ai.Tlbx.VoiceAssistant/Ai.Tlbx.VoiceAssistant.csproj" />
  </Folder>
  <Folder Name="/Solution Items/">
    <File Path=".editorconfig" />
    <File Path=".gitignore" />
    <File Path="Directory.Build.props" />
    <File Path="LoggingStrategy.md" />
    <File Path="publish-nuget.ps1" />
    <File Path="README.md" />
  </Folder>
  <Folder Name="/Tests/">
    <Project Path="Tests/AotTest/AotTest.csproj" />
  </Folder>
  <Folder Name="/WebUi/">
    <Project Path="WebUi/Ai.Tlbx.VoiceAssistant.WebUi/Ai.Tlbx.VoiceAssistant.WebUi.csproj" />
  </Folder>
</Solution>
